// !$*UTF8*$!
{
	archiveVersion = 1;
	classes = {
	};
	objectVersion = 56;
	objects = {

/* Begin PBXBuildFile section */
		2B1DE1912CD9ADC0006909D5 /* AirbnbApp.swift in Sources */ = {isa = PBXBuildFile; fileRef = 2B1DE1902CD9ADC0006909D5 /* AirbnbApp.swift */; };
		2B1DE1932CD9ADC0006909D5 /* ContentView.swift in Sources */ = {isa = PBXBuildFile; fileRef = 2B1DE1922CD9ADC0006909D5 /* ContentView.swift */; };
		2B1DE1952CD9ADC4006909D5 /* Assets.xcassets in Resources */ = {isa = PBXBuildFile; fileRef = 2B1DE1942CD9ADC4006909D5 /* Assets.xcassets */; };
		2B1DE1982CD9ADC4006909D5 /* Preview Assets.xcassets in Resources */ = {isa = PBXBuildFile; fileRef = 2B1DE1972CD9ADC4006909D5 /* Preview Assets.xcassets */; };
		2B1DE1AB2CD9AFAE006909D5 /* ExploreView.swift in Sources */ = {isa = PBXBuildFile; fileRef = 2B1DE1AA2CD9AFAE006909D5 /* ExploreView.swift */; };
		2B1DE1AD2CD9B20F006909D5 /* ListingItemView.swift in Sources */ = {isa = PBXBuildFile; fileRef = 2B1DE1AC2CD9B20F006909D5 /* ListingItemView.swift */; };
		2B1DE1AF2CD9C187006909D5 /* SearchAndFliterBar.swift in Sources */ = {isa = PBXBuildFile; fileRef = 2B1DE1AE2CD9C187006909D5 /* SearchAndFliterBar.swift */; };
/* End PBXBuildFile section */

/* Begin PBXFileReference section */
		2B1DE18D2CD9ADC0006909D5 /* Airbnb.app */ = {isa = PBXFileReference; explicitFileType = wrapper.application; includeInIndex = 0; path = Airbnb.app; sourceTree = BUILT_PRODUCTS_DIR; };
		2B1DE1902CD9ADC0006909D5 /* AirbnbApp.swift */ = {isa = PBXFileReference; lastKnownFileType = sourcecode.swift; path = AirbnbApp.swift; sourceTree = "<group>"; };
		2B1DE1922CD9ADC0006909D5 /* ContentView.swift */ = {isa = PBXFileReference; lastKnownFileType = sourcecode.swift; path = ContentView.swift; sourceTree = "<group>"; };
		2B1DE1942CD9ADC4006909D5 /* Assets.xcassets */ = {isa = PBXFileReference; lastKnownFileType = folder.assetcatalog; path = Assets.xcassets; sourceTree = "<group>"; };
		2B1DE1972CD9ADC4006909D5 /* Preview Assets.xcassets */ = {isa = PBXFileReference; lastKnownFileType = folder.assetcatalog; path = "Preview Assets.xcassets"; sourceTree = "<group>"; };
		2B1DE1AA2CD9AFAE006909D5 /* ExploreView.swift */ = {isa = PBXFileReference; lastKnownFileType = sourcecode.swift; path = ExploreView.swift; sourceTree = "<group>"; };
		2B1DE1AC2CD9B20F006909D5 /* ListingItemView.swift */ = {isa = PBXFileReference; lastKnownFileType = sourcecode.swift; path = ListingItemView.swift; sourceTree = "<group>"; };
		2B1DE1AE2CD9C187006909D5 /* SearchAndFliterBar.swift */ = {isa = PBXFileReference; lastKnownFileType = sourcecode.swift; path = SearchAndFliterBar.swift; sourceTree = "<group>"; };
/* End PBXFileReference section */

/* Begin PBXFrameworksBuildPhase section */
		2B1DE18A2CD9ADC0006909D5 /* Frameworks */ = {
			isa = PBXFrameworksBuildPhase;
			buildActionMask = 2147483647;
			files = (
			);
			runOnlyForDeploymentPostprocessing = 0;
		};
/* End PBXFrameworksBuildPhase section */

/* Begin PBXGroup section */
		2B1DE1842CD9ADC0006909D5 = {
			isa = PBXGroup;
			children = (
				2B1DE18F2CD9ADC0006909D5 /* Airbnb */,
				2B1DE18E2CD9ADC0006909D5 /* Products */,
			);
			sourceTree = "<group>";
		};
		2B1DE18E2CD9ADC0006909D5 /* Products */ = {
			isa = PBXGroup;
			children = (
				2B1DE18D2CD9ADC0006909D5 /* Airbnb.app */,
			);
			name = Products;
			sourceTree = "<group>";
		};
		2B1DE18F2CD9ADC0006909D5 /* Airbnb */ = {
			isa = PBXGroup;
			children = (
				2B1DE19E2CD9AE19006909D5 /* App */,
				2B1DE19F2CD9AE36006909D5 /* Core */,
				2B1DE1A12CD9AE43006909D5 /* Extensions */,
				2B1DE1A02CD9AE3D006909D5 /* Models */,
				2B1DE1A22CD9AE67006909D5 /* Utils */,
				2B1DE1902CD9ADC0006909D5 /* AirbnbApp.swift */,
				2B1DE1922CD9ADC0006909D5 /* ContentView.swift */,
				2B1DE1942CD9ADC4006909D5 /* Assets.xcassets */,
				2B1DE1962CD9ADC4006909D5 /* Preview Content */,
			);
			path = Airbnb;
			sourceTree = "<group>";
		};
		2B1DE1962CD9ADC4006909D5 /* Preview Content */ = {
			isa = PBXGroup;
			children = (
				2B1DE1972CD9ADC4006909D5 /* Preview Assets.xcassets */,
			);
			path = "Preview Content";
			sourceTree = "<group>";
		};
		2B1DE19E2CD9AE19006909D5 /* App */ = {
			isa = PBXGroup;
			children = (
			);
			path = App;
			sourceTree = "<group>";
		};
		2B1DE19F2CD9AE36006909D5 /* Core */ = {
			isa = PBXGroup;
			children = (
				2B1DE1A32CD9AEC1006909D5 /* Explore */,
				2B1DE1A42CD9AEC9006909D5 /* Listing */,
				2B1DE1A62CD9AEE3006909D5 /* MainView */,
				2B1DE1A52CD9AED0006909D5 /* Profile */,
				2B1DE1A72CD9AEF1006909D5 /* Root */,
				2B1DE1A82CD9AF03006909D5 /* Tabbar */,
				2B1DE1A92CD9AF0B006909D5 /* Whislist */,
			);
			path = Core;
			sourceTree = "<group>";
		};
		2B1DE1A02CD9AE3D006909D5 /* Models */ = {
			isa = PBXGroup;
			children = (
			);
			path = Models;
			sourceTree = "<group>";
		};
		2B1DE1A12CD9AE43006909D5 /* Extensions */ = {
			isa = PBXGroup;
			children = (
			);
			path = Extensions;
			sourceTree = "<group>";
		};
		2B1DE1A22CD9AE67006909D5 /* Utils */ = {
			isa = PBXGroup;
			children = (
			);
			path = Utils;
			sourceTree = "<group>";
		};
		2B1DE1A32CD9AEC1006909D5 /* Explore */ = {
			isa = PBXGroup;
			children = (
				2B1DE1AA2CD9AFAE006909D5 /* ExploreView.swift */,
				2B1DE1AE2CD9C187006909D5 /* SearchAndFliterBar.swift */,
			);
			path = Explore;
			sourceTree = "<group>";
		};
		2B1DE1A42CD9AEC9006909D5 /* Listing */ = {
			isa = PBXGroup;
			children = (
				2B1DE1AC2CD9B20F006909D5 /* ListingItemView.swift */,
			);
			path = Listing;
			sourceTree = "<group>";
		};
		2B1DE1A52CD9AED0006909D5 /* Profile */ = {
			isa = PBXGroup;
			children = (
			);
			path = Profile;
			sourceTree = "<group>";
		};
		2B1DE1A62CD9AEE3006909D5 /* MainView */ = {
			isa = PBXGroup;
			children = (
			);
			path = MainView;
			sourceTree = "<group>";
		};
		2B1DE1A72CD9AEF1006909D5 /* Root */ = {
			isa = PBXGroup;
			children = (
			);
			path = Root;
			sourceTree = "<group>";
		};
		2B1DE1A82CD9AF03006909D5 /* Tabbar */ = {
			isa = PBXGroup;
			children = (
			);
			path = Tabbar;
			sourceTree = "<group>";
		};
		2B1DE1A92CD9AF0B006909D5 /* Whislist */ = {
			isa = PBXGroup;
			children = (
			);
			path = Whislist;
			sourceTree = "<group>";
		};
/* End PBXGroup section */

/* Begin PBXNativeTarget section */
		2B1DE18C2CD9ADC0006909D5 /* Airbnb */ = {
			isa = PBXNativeTarget;
			buildConfigurationList = 2B1DE19B2CD9ADC4006909D5 /* Build configuration list for PBXNativeTarget "Airbnb" */;
			buildPhases = (
				2B1DE1892CD9ADC0006909D5 /* Sources */,
				2B1DE18A2CD9ADC0006909D5 /* Frameworks */,
				2B1DE18B2CD9ADC0006909D5 /* Resources */,
			);
			buildRules = (
			);
			dependencies = (
			);
			name = Airbnb;
			productName = Airbnb;
			productReference = 2B1DE18D2CD9ADC0006909D5 /* Airbnb.app */;
			productType = "com.apple.product-type.application";
		};
/* End PBXNativeTarget section */

/* Begin PBXProject section */
		2B1DE1852CD9ADC0006909D5 /* Project object */ = {
			isa = PBXProject;
			attributes = {
				BuildIndependentTargetsInParallel = 1;
				LastSwiftUpdateCheck = 1420;
				LastUpgradeCheck = 1420;
				TargetAttributes = {
					2B1DE18C2CD9ADC0006909D5 = {
						CreatedOnToolsVersion = 14.2;
					};
				};
			};
			buildConfigurationList = 2B1DE1882CD9ADC0006909D5 /* Build configuration list for PBXProject "Airbnb" */;
			compatibilityVersion = "Xcode 14.0";
			developmentRegion = en;
			hasScannedForEncodings = 0;
			knownRegions = (
				en,
				Base,
			);
			mainGroup = 2B1DE1842CD9ADC0006909D5;
			productRefGroup = 2B1DE18E2CD9ADC0006909D5 /* Products */;
			projectDirPath = "";
			projectRoot = "";
			targets = (
				2B1DE18C2CD9ADC0006909D5 /* Airbnb */,
			);
		};
/* End PBXProject section */

/* Begin PBXResourcesBuildPhase section */
		2B1DE18B2CD9ADC0006909D5 /* Resources */ = {
			isa = PBXResourcesBuildPhase;
			buildActionMask = 2147483647;
			files = (
				2B1DE1982CD9ADC4006909D5 /* Preview Assets.xcassets in Resources */,
				2B1DE1952CD9ADC4006909D5 /* Assets.xcassets in Resources */,
			);
			runOnlyForDeploymentPostprocessing = 0;
		};
/* End PBXResourcesBuildPhase section */

/* Begin PBXSourcesBuildPhase section */
		2B1DE1892CD9ADC0006909D5 /* Sources */ = {
			isa = PBXSourcesBuildPhase;
			buildActionMask = 2147483647;
			files = (
				2B1DE1AD2CD9B20F006909D5 /* ListingItemView.swift in Sources */,
				2B1DE1932CD9ADC0006909D5 /* ContentView.swift in Sources */,
				2B1DE1AB2CD9AFAE006909D5 /* ExploreView.swift in Sources */,
				2B1DE1912CD9ADC0006909D5 /* AirbnbApp.swift in Sources */,
				2B1DE1AF2CD9C187006909D5 /* SearchAndFliterBar.swift in Sources */,
			);
			runOnlyForDeploymentPostprocessing = 0;
		};
/* End PBXSourcesBuildPhase section */

/* Begin XCBuildConfiguration section */
		2B1DE1992CD9ADC4006909D5 /* Debug */ = {
			isa = XCBuildConfiguration;
			buildSettings = {
				ALWAYS_SEARCH_USER_PATHS = NO;
				CLANG_ANALYZER_NONNULL = YES;
				CLANG_ANALYZER_NUMBER_OBJECT_CONVERSION = YES_AGGRESSIVE;
				CLANG_CXX_LANGUAGE_STANDARD = "gnu++20";
				CLANG_ENABLE_MODULES = YES;
				CLANG_ENABLE_OBJC_ARC = YES;
				CLANG_ENABLE_OBJC_WEAK = YES;
				CLANG_WARN_BLOCK_CAPTURE_AUTORELEASING = YES;
				CLANG_WARN_BOOL_CONVERSION = YES;
				CLANG_WARN_COMMA = YES;
				CLANG_WARN_CONSTANT_CONVERSION = YES;
				CLANG_WARN_DEPRECATED_OBJC_IMPLEMENTATIONS = YES;
				CLANG_WARN_DIRECT_OBJC_ISA_USAGE = YES_ERROR;
				CLANG_WARN_DOCUMENTATION_COMMENTS = YES;
				CLANG_WARN_EMPTY_BODY = YES;
				CLANG_WARN_ENUM_CONVERSION = YES;
				CLANG_WARN_INFINITE_RECURSION = YES;
				CLANG_WARN_INT_CONVERSION = YES;
				CLANG_WARN_NON_LITERAL_NULL_CONVERSION = YES;
				CLANG_WARN_OBJC_IMPLICIT_RETAIN_SELF = YES;
				CLANG_WARN_OBJC_LITERAL_CONVERSION = YES;
				CLANG_WARN_OBJC_ROOT_CLASS = YES_ERROR;
				CLANG_WARN_QUOTED_INCLUDE_IN_FRAMEWORK_HEADER = YES;
				CLANG_WARN_RANGE_LOOP_ANALYSIS = YES;
				CLANG_WARN_STRICT_PROTOTYPES = YES;
				CLANG_WARN_SUSPICIOUS_MOVE = YES;
				CLANG_WARN_UNGUARDED_AVAILABILITY = YES_AGGRESSIVE;
				CLANG_WARN_UNREACHABLE_CODE = YES;
				CLANG_WARN__DUPLICATE_METHOD_MATCH = YES;
				COPY_PHASE_STRIP = NO;
				DEBUG_INFORMATION_FORMAT = dwarf;
				ENABLE_STRICT_OBJC_MSGSEND = YES;
				ENABLE_TESTABILITY = YES;
				GCC_C_LANGUAGE_STANDARD = gnu11;
				GCC_DYNAMIC_NO_PIC = NO;
				GCC_NO_COMMON_BLOCKS = YES;
				GCC_OPTIMIZATION_LEVEL = 0;
				GCC_PREPROCESSOR_DEFINITIONS = (
					"DEBUG=1",
					"$(inherited)",
				);
				GCC_WARN_64_TO_32_BIT_CONVERSION = YES;
				GCC_WARN_ABOUT_RETURN_TYPE = YES_ERROR;
				GCC_WARN_UNDECLARED_SELECTOR = YES;
				GCC_WARN_UNINITIALIZED_AUTOS = YES_AGGRESSIVE;
				GCC_WARN_UNUSED_FUNCTION = YES;
				GCC_WARN_UNUSED_VARIABLE = YES;
				IPHONEOS_DEPLOYMENT_TARGET = 16.2;
				MTL_ENABLE_DEBUG_INFO = INCLUDE_SOURCE;
				MTL_FAST_MATH = YES;
				ONLY_ACTIVE_ARCH = YES;
				SDKROOT = iphoneos;
				SWIFT_ACTIVE_COMPILATION_CONDITIONS = DEBUG;
				SWIFT_OPTIMIZATION_LEVEL = "-Onone";
			};
			name = Debug;
		};
		2B1DE19A2CD9ADC4006909D5 /* Release */ = {
			isa = XCBuildConfiguration;
			buildSettings = {
				ALWAYS_SEARCH_USER_PATHS = NO;
				CLANG_ANALYZER_NONNULL = YES;
				CLANG_ANALYZER_NUMBER_OBJECT_CONVERSION = YES_AGGRESSIVE;
				CLANG_CXX_LANGUAGE_STANDARD = "gnu++20";
				CLANG_ENABLE_MODULES = YES;
				CLANG_ENABLE_OBJC_ARC = YES;
				CLANG_ENABLE_OBJC_WEAK = YES;
				CLANG_WARN_BLOCK_CAPTURE_AUTORELEASING = YES;
				CLANG_WARN_BOOL_CONVERSION = YES;
				CLANG_WARN_COMMA = YES;
				CLANG_WARN_CONSTANT_CONVERSION = YES;
				CLANG_WARN_DEPRECATED_OBJC_IMPLEMENTATIONS = YES;
				CLANG_WARN_DIRECT_OBJC_ISA_USAGE = YES_ERROR;
				CLANG_WARN_DOCUMENTATION_COMMENTS = YES;
				CLANG_WARN_EMPTY_BODY = YES;
				CLANG_WARN_ENUM_CONVERSION = YES;
				CLANG_WARN_INFINITE_RECURSION = YES;
				CLANG_WARN_INT_CONVERSION = YES;
				CLANG_WARN_NON_LITERAL_NULL_CONVERSION = YES;
				CLANG_WARN_OBJC_IMPLICIT_RETAIN_SELF = YES;
				CLANG_WARN_OBJC_LITERAL_CONVERSION = YES;
				CLANG_WARN_OBJC_ROOT_CLASS = YES_ERROR;
				CLANG_WARN_QUOTED_INCLUDE_IN_FRAMEWORK_HEADER = YES;
				CLANG_WARN_RANGE_LOOP_ANALYSIS = YES;
				CLANG_WARN_STRICT_PROTOTYPES = YES;
				CLANG_WARN_SUSPICIOUS_MOVE = YES;
				CLANG_WARN_UNGUARDED_AVAILABILITY = YES_AGGRESSIVE;
				CLANG_WARN_UNREACHABLE_CODE = YES;
				CLANG_WARN__DUPLICATE_METHOD_MATCH = YES;
				COPY_PHASE_STRIP = NO;
				DEBUG_INFORMATION_FORMAT = "dwarf-with-dsym";
				ENABLE_NS_ASSERTIONS = NO;
				ENABLE_STRICT_OBJC_MSGSEND = YES;
				GCC_C_LANGUAGE_STANDARD = gnu11;
				GCC_NO_COMMON_BLOCKS = YES;
				GCC_WARN_64_TO_32_BIT_CONVERSION = YES;
				GCC_WARN_ABOUT_RETURN_TYPE = YES_ERROR;
				GCC_WARN_UNDECLARED_SELECTOR = YES;
				GCC_WARN_UNINITIALIZED_AUTOS = YES_AGGRESSIVE;
				GCC_WARN_UNUSED_FUNCTION = YES;
				GCC_WARN_UNUSED_VARIABLE = YES;
				IPHONEOS_DEPLOYMENT_TARGET = 16.2;
				MTL_ENABLE_DEBUG_INFO = NO;
				MTL_FAST_MATH = YES;
				SDKROOT = iphoneos;
				SWIFT_COMPILATION_MODE = wholemodule;
				SWIFT_OPTIMIZATION_LEVEL = "-O";
				VALIDATE_PRODUCT = YES;
			};
			name = Release;
		};
		2B1DE19C2CD9ADC4006909D5 /* Debug */ = {
			isa = XCBuildConfiguration;
			buildSettings = {
				ASSETCATALOG_COMPILER_APPICON_NAME = AppIcon;
				ASSETCATALOG_COMPILER_GLOBAL_ACCENT_COLOR_NAME = AccentColor;
				CODE_SIGN_STYLE = Automatic;
				CURRENT_PROJECT_VERSION = 1;
				DEVELOPMENT_ASSET_PATHS = "\"Airbnb/Preview Content\"";
				DEVELOPMENT_TEAM = 5GLDB8325L;
				ENABLE_PREVIEWS = YES;
				GENERATE_INFOPLIST_FILE = YES;
				INFOPLIST_KEY_UIApplicationSceneManifest_Generation = YES;
				INFOPLIST_KEY_UIApplicationSupportsIndirectInputEvents = YES;
				INFOPLIST_KEY_UILaunchScreen_Generation = YES;
				INFOPLIST_KEY_UISupportedInterfaceOrientations_iPad = "UIInterfaceOrientationPortrait UIInterfaceOrientationPortraitUpsideDown UIInterfaceOrientationLandscapeLeft UIInterfaceOrientationLandscapeRight";
				INFOPLIST_KEY_UISupportedInterfaceOrientations_iPhone = "UIInterfaceOrientationPortrait UIInterfaceOrientationLandscapeLeft UIInterfaceOrientationLandscapeRight";
				LD_RUNPATH_SEARCH_PATHS = (
					"$(inherited)",
					"@executable_path/Frameworks",
				);
				MARKETING_VERSION = 1.0;
				PRODUCT_BUNDLE_IDENTIFIER = com.bridgelabz.Airbnb;
				PRODUCT_NAME = "$(TARGET_NAME)";
				SWIFT_EMIT_LOC_STRINGS = YES;
				SWIFT_VERSION = 5.0;
				TARGETED_DEVICE_FAMILY = "1,2";
			};
			name = Debug;
		};
		2B1DE19D2CD9ADC4006909D5 /* Release */ = {
			isa = XCBuildConfiguration;
			buildSettings = {
				ASSETCATALOG_COMPILER_APPICON_NAME = AppIcon;
				ASSETCATALOG_COMPILER_GLOBAL_ACCENT_COLOR_NAME = AccentColor;
				CODE_SIGN_STYLE = Automatic;
				CURRENT_PROJECT_VERSION = 1;
				DEVELOPMENT_ASSET_PATHS = "\"Airbnb/Preview Content\"";
				DEVELOPMENT_TEAM = 5GLDB8325L;
				ENABLE_PREVIEWS = YES;
				GENERATE_INFOPLIST_FILE = YES;
				INFOPLIST_KEY_UIApplicationSceneManifest_Generation = YES;
				INFOPLIST_KEY_UIApplicationSupportsIndirectInputEvents = YES;
				INFOPLIST_KEY_UILaunchScreen_Generation = YES;
				INFOPLIST_KEY_UISupportedInterfaceOrientations_iPad = "UIInterfaceOrientationPortrait UIInterfaceOrientationPortraitUpsideDown UIInterfaceOrientationLandscapeLeft UIInterfaceOrientationLandscapeRight";
				INFOPLIST_KEY_UISupportedInterfaceOrientations_iPhone = "UIInterfaceOrientationPortrait UIInterfaceOrientationLandscapeLeft UIInterfaceOrientationLandscapeRight";
				LD_RUNPATH_SEARCH_PATHS = (
					"$(inherited)",
					"@executable_path/Frameworks",
				);
				MARKETING_VERSION = 1.0;
				PRODUCT_BUNDLE_IDENTIFIER = com.bridgelabz.Airbnb;
				PRODUCT_NAME = "$(TARGET_NAME)";
				SWIFT_EMIT_LOC_STRINGS = YES;
				SWIFT_VERSION = 5.0;
				TARGETED_DEVICE_FAMILY = "1,2";
			};
			name = Release;
		};
/* End XCBuildConfiguration section */

/* Begin XCConfigurationList section */
		2B1DE1882CD9ADC0006909D5 /* Build configuration list for PBXProject "Airbnb" */ = {
			isa = XCConfigurationList;
			buildConfigurations = (
				2B1DE1992CD9ADC4006909D5 /* Debug */,
				2B1DE19A2CD9ADC4006909D5 /* Release */,
			);
			defaultConfigurationIsVisible = 0;
			defaultConfigurationName = Release;
		};
		2B1DE19B2CD9ADC4006909D5 /* Build configuration list for PBXNativeTarget "Airbnb" */ = {
			isa = XCConfigurationList;
			buildConfigurations = (
				2B1DE19C2CD9ADC4006909D5 /* Debug */,
				2B1DE19D2CD9ADC4006909D5 /* Release */,
			);
			defaultConfigurationIsVisible = 0;
			defaultConfigurationName = Release;
		};
/* End XCConfigurationList section */
	};
	rootObject = 2B1DE1852CD9ADC0006909D5 /* Project object */;
}
